
Microsoft Visual Studio Solution File, Format Version 12.00
# Visual Studio 15
VisualStudioVersion = 15.0.27703.2035
MinimumVisualStudioVersion = 10.0.40219.1
Project("{FAE04EC0-301F-11D3-BF4B-00C04F79EFBC}") = "DNL", "DNL\DNL.csproj", "{616AAD9B-E514-4261-AAED-FB1170C1298A}"
EndProject
Project("{FAE04EC0-301F-11D3-BF4B-00C04F79EFBC}") = "EF", "EF\EF.csproj", "{E2637FD5-C9F0-43AA-A368-AB419F9E683F}"
EndProject
Project("{2150E333-8FDC-42A3-9474-1A3956D46DE8}") = "Solution Items", "Solution Items", "{82DAB448-902D-493B-A062-89F9A097E15E}"
	ProjectSection(SolutionItems) = preProject
		db-create.sql = db-create.sql
		db-update.sql = db-update.sql
	EndProjectSection
EndProject
Global
	GlobalSection(SolutionConfigurationPlatforms) = preSolution
		Debug|Any CPU = Debug|Any CPU
		Release|Any CPU = Release|Any CPU
	EndGlobalSection
	GlobalSection(ProjectConfigurationPlatforms) = postSolution
		{616AAD9B-E514-4261-AAED-FB1170C1298A}.Debug|Any CPU.ActiveCfg = Debug|Any CPU
		{616AAD9B-E514-4261-AAED-FB1170C1298A}.Debug|Any CPU.Build.0 = Debug|Any CPU
		{616AAD9B-E514-4261-AAED-FB1170C1298A}.Release|Any CPU.ActiveCfg = Release|Any CPU
		{616AAD9B-E514-4261-AAED-FB1170C1298A}.Release|Any CPU.Build.0 = Release|Any CPU
		{E2637FD5-C9F0-43AA-A368-AB419F9E683F}.Debug|Any CPU.ActiveCfg = Debug|Any CPU
		{E2637FD5-C9F0-43AA-A368-AB419F9E683F}.Debug|Any CPU.Build.0 = Debug|Any CPU
		{E2637FD5-C9F0-43AA-A368-AB419F9E683F}.Release|Any CPU.ActiveCfg = Release|Any CPU
		{E2637FD5-C9F0-43AA-A368-AB419F9E683F}.Release|Any CPU.Build.0 = Release|Any CPU
	EndGlobalSection
	GlobalSection(SolutionProperties) = preSolution
		HideSolutionNode = FALSE
	EndGlobalSection
	GlobalSection(ExtensibilityGlobals) = postSolution
		SolutionGuid = {0620BC62-ECF9-4760-B5CF-3E9B95D25A59}
	EndGlobalSection
EndGlobal
